{
  "lockfileVersion": 1,
  "workspaces": {
    "": {
      "name": "backend",
      "dependencies": {
        "@hono/node-server": "^1.19.1",
        "@prisma/client": "^6.7.0",
        "hono": "^4.9.7",
        "uvicorn": "^0.0.1-security",
      },
      "devDependencies": {
        "@types/bun": "latest",
        "prisma": "^6.7.0",
      },
    },
  },
  "packages": {
    "@hono/node-server": ["@hono/node-server@1.19.3", "", { "peerDependencies": { "hono": "^4" } }, "sha512-Fjyxfux0rMPXMSob79OmddfpK5ArJa2xLkLCV+zamHkbeXQtSNKOi0keiBKyHZ/hCRKjigjmKGp4AJnDFq8PUw=="],

    "@prisma/client": ["@prisma/client@6.10.1", "", { "peerDependencies": { "prisma": "*", "typescript": ">=5.1.0" }, "optionalPeers": ["prisma", "typescript"] }, "sha512-Re4pMlcUsQsUTAYMK7EJ4Bw2kg3WfZAAlr8GjORJaK4VOP6LxRQUQ1TuLnxcF42XqGkWQ36q5CQF1yVadANQ6w=="],

    "@prisma/config": ["@prisma/config@6.10.1", "", { "dependencies": { "jiti": "2.4.2" } }, "sha512-kz4/bnqrOrzWo8KzYguN0cden4CzLJJ+2VSpKtF8utHS3l1JS0Lhv6BLwpOX6X9yNreTbZQZwewb+/BMPDCIYQ=="],

    "@prisma/debug": ["@prisma/debug@6.10.1", "", {}, "sha512-k2YT53cWxv9OLjW4zSYTZ6Z7j0gPfCzcr2Mj99qsuvlxr8WAKSZ2NcSR0zLf/mP4oxnYG842IMj3utTgcd7CaA=="],

    "@prisma/engines": ["@prisma/engines@6.10.1", "", { "dependencies": { "@prisma/debug": "6.10.1", "@prisma/engines-version": "6.10.1-1.9b628578b3b7cae625e8c927178f15a170e74a9c", "@prisma/fetch-engine": "6.10.1", "@prisma/get-platform": "6.10.1" } }, "sha512-Q07P5rS2iPwk2IQr/rUQJ42tHjpPyFcbiH7PXZlV81Ryr9NYIgdxcUrwgVOWVm5T7ap02C0dNd1dpnNcSWig8A=="],

    "@prisma/engines-version": ["@prisma/engines-version@6.10.1-1.9b628578b3b7cae625e8c927178f15a170e74a9c", "", {}, "sha512-ZJFTsEqapiTYVzXya6TUKYDFnSWCNegfUiG5ik9fleQva5Sk3DNyyUi7X1+0ZxWFHwHDr6BZV5Vm+iwP+LlciA=="],

    "@prisma/fetch-engine": ["@prisma/fetch-engine@6.10.1", "", { "dependencies": { "@prisma/debug": "6.10.1", "@prisma/engines-version": "6.10.1-1.9b628578b3b7cae625e8c927178f15a170e74a9c", "@prisma/get-platform": "6.10.1" } }, "sha512-clmbG/Jgmrc/n6Y77QcBmAUlq9LrwI9Dbgy4pq5jeEARBpRCWJDJ7PWW1P8p0LfFU0i5fsyO7FqRzRB8mkdS4g=="],

    "@prisma/get-platform": ["@prisma/get-platform@6.10.1", "", { "dependencies": { "@prisma/debug": "6.10.1" } }, "sha512-4CY5ndKylcsce9Mv+VWp5obbR2/86SHOLVV053pwIkhVtT9C9A83yqiqI/5kJM9T1v1u1qco/bYjDKycmei9HA=="],

    "@types/bun": ["@types/bun@1.2.12", "", { "dependencies": { "bun-types": "1.2.12" } }, "sha512-lY/GQTXDGsolT/TiH72p1tuyUORuRrdV7VwOTOjDOt8uTBJQOJc5zz3ufwwDl0VBaoxotSk4LdP0hhjLJ6ypIQ=="],

    "@types/node": ["@types/node@22.15.15", "", { "dependencies": { "undici-types": "~6.21.0" } }, "sha512-R5muMcZob3/Jjchn5LcO8jdKwSCbzqmPB6ruBxMcf9kbxtniZHP327s6C37iOfuw8mbKK3cAQa7sEl7afLrQ8A=="],

    "bun-types": ["bun-types@1.2.12", "", { "dependencies": { "@types/node": "*" } }, "sha512-tvWMx5vPqbRXgE8WUZI94iS1xAYs8bkqESR9cxBB1Wi+urvfTrF1uzuDgBHFAdO0+d2lmsbG3HmeKMvUyj6pWA=="],

    "hono": ["hono@4.9.7", "", {}, "sha512-t4Te6ERzIaC48W3x4hJmBwgNlLhmiEdEE5ViYb02ffw4ignHNHa5IBtPjmbKstmtKa8X6C35iWwK4HaqvrzG9w=="],

    "jiti": ["jiti@2.4.2", "", { "bin": { "jiti": "lib/jiti-cli.mjs" } }, "sha512-rg9zJN+G4n2nfJl5MW3BMygZX56zKPNVEYYqq7adpmMh4Jn2QNEwhvQlFy6jPVdcod7txZtKHWnyZiA3a0zP7A=="],

    "prisma": ["prisma@6.10.1", "", { "dependencies": { "@prisma/config": "6.10.1", "@prisma/engines": "6.10.1" }, "peerDependencies": { "typescript": ">=5.1.0" }, "optionalPeers": ["typescript"], "bin": { "prisma": "build/index.js" } }, "sha512-khhlC/G49E4+uyA3T3H5PRBut486HD2bDqE2+rvkU0pwk9IAqGFacLFUyIx9Uw+W2eCtf6XGwsp+/strUwMNPw=="],

    "undici-types": ["undici-types@6.21.0", "", {}, "sha512-iwDZqg0QAGrg9Rav5H4n0M64c3mkR59cJ6wQp+7C4nI0gsmExaedaYLNO44eT4AtBBwjbTiGPMlt2Md0T9H9JQ=="],

    "uvicorn": ["uvicorn@0.0.1-security", "", {}, "sha512-dDZvfAZSnLne09FhmPmAUwS6m2FA3iV9spMjZD4Lqxl3c/A8HTPhrHjqSTpWGyYReLkZmMQXEbdlw/9GHEjRKw=="],
  }
}
